// !$*UTF8*$!
{
	archiveVersion = 1;
	classes = {
	};
	objectVersion = 56;
	objects = {

/* Begin PBXBuildFile section */
		BCA9834D592DB4B65E2D5E02 /* PhotoTakeApp.swift in Sources */ = {isa = PBXBuildFile; fileRef = 602CA7991450BF6511E69E27 /* PhotoTakeApp.swift */; };
		B68D1B495B2586079642B65E /* CameraSession.swift in Sources */ = {isa = PBXBuildFile; fileRef = A2699F3FB8F95BA3CC8373D4 /* CameraSession.swift */; };
		6979CDA6C375BE262B9370A5 /* CameraPreviewView.swift in Sources */ = {isa = PBXBuildFile; fileRef = A7E6E6FE49DA462D82E78B55 /* CameraPreviewView.swift */; };
		A2A857493A1D9C71E08672F0 /* RectangleDetector.swift in Sources */ = {isa = PBXBuildFile; fileRef = A5A620F8D87D1DD182F6BA4A /* RectangleDetector.swift */; };
		8EE975550E93CD723F5AFF22 /* QuadOverlayView.swift in Sources */ = {isa = PBXBuildFile; fileRef = D0D7D7B79B645B4D57BE2B3B /* QuadOverlayView.swift */; };
		736009D82A2456BBFCA9D276 /* PerspectiveCorrector.swift in Sources */ = {isa = PBXBuildFile; fileRef = 0B7EB25B4405235FA9487669 /* PerspectiveCorrector.swift */; };
		0FD920261CF2708928E9C42D /* AdjustmentPipeline.swift in Sources */ = {isa = PBXBuildFile; fileRef = 0ACF4E2FD6077E4A6CBADAA0 /* AdjustmentPipeline.swift */; };
		AB6DE370FA645F57E99B994A /* GalleryItem.swift in Sources */ = {isa = PBXBuildFile; fileRef = A0DB59B805C0C19BFFD51FC6 /* GalleryItem.swift */; };
		3C8018ADC63DF0C0E52679C8 /* GalleryStore.swift in Sources */ = {isa = PBXBuildFile; fileRef = CE027B574E113EFECCA34EC3 /* GalleryStore.swift */; };
		6FA46F2C9A25889CEE7DBB56 /* GalleryView.swift in Sources */ = {isa = PBXBuildFile; fileRef = 507A18A1ADA406E759FBFE5E /* GalleryView.swift */; };
		B72FBD4A44DD8435173E93B0 /* ExportController.swift in Sources */ = {isa = PBXBuildFile; fileRef = 092572023BFECAC7DDB23872 /* ExportController.swift */; };
		7BBF4C4002251B7D38CB7624 /* DesignSystem.swift in Sources */ = {isa = PBXBuildFile; fileRef = 0D20664CB86488ACE96564AB /* DesignSystem.swift */; };
		BCCC3596A5F4D2FB7285E241 /* EditView.swift in Sources */ = {isa = PBXBuildFile; fileRef = FEA45896EFCCB58F83CE2086 /* EditView.swift */; };
		3EA947AFA9A19D57058DB640 /* ScanView.swift in Sources */ = {isa = PBXBuildFile; fileRef = 43F1223CC166B7AB5908E003 /* ScanView.swift */; };
		C43A1B2B18D950E2398C167E /* CropAdjustView.swift in Sources */ = {isa = PBXBuildFile; fileRef = 6052563280B6756C2664326F /* CropAdjustView.swift */; };
		291A0CD6E5855F19A85B78AA /* ContentView.swift in Sources */ = {isa = PBXBuildFile; fileRef = 74F9311C7DDD51B10D2B0664 /* ContentView.swift */; };
		6671672A3AA75F68D3D59AB3 /* Info.plist in Resources */ = {isa = PBXBuildFile; fileRef = EAE74442F9F8B452209E25C2 /* Info.plist */; };
		A1B2C3D4E5F6A7B8C9D0E1F2 /* ProStore.swift in Sources */ = {isa = PBXBuildFile; fileRef = F1E2D3C4B5A6F7E8D9C0B1A2 /* ProStore.swift */; };
		1A2B3C4D5E6F1A2B3C4D5E6F /* PaywallView.swift in Sources */ = {isa = PBXBuildFile; fileRef = 2B3C4D5E6F7A2B3C4D5E6F7A /* PaywallView.swift */; };
		3C4D5E6F7A8B3C4D5E6F7A8B /* FreeConstraints.swift in Sources */ = {isa = PBXBuildFile; fileRef = 4D5E6F7A8B9C4D5E6F7A8B9C /* FreeConstraints.swift */; };
/* End PBXBuildFile section */

/* Begin PBXFileReference section */
		602CA7991450BF6511E69E27 /* PhotoTakeApp.swift */ = {isa = PBXFileReference; lastKnownFileType = sourcecode.swift; path = PhotoTakeApp.swift; sourceTree = "<group>"; };
		A2699F3FB8F95BA3CC8373D4 /* CameraSession.swift */ = {isa = PBXFileReference; lastKnownFileType = sourcecode.swift; path = CameraSession.swift; sourceTree = "<group>"; };
		A7E6E6FE49DA462D82E78B55 /* CameraPreviewView.swift */ = {isa = PBXFileReference; lastKnownFileType = sourcecode.swift; path = CameraPreviewView.swift; sourceTree = "<group>"; };
		A5A620F8D87D1DD182F6BA4A /* RectangleDetector.swift */ = {isa = PBXFileReference; lastKnownFileType = sourcecode.swift; path = RectangleDetector.swift; sourceTree = "<group>"; };
		D0D7D7B79B645B4D57BE2B3B /* QuadOverlayView.swift */ = {isa = PBXFileReference; lastKnownFileType = sourcecode.swift; path = QuadOverlayView.swift; sourceTree = "<group>"; };
		0B7EB25B4405235FA9487669 /* PerspectiveCorrector.swift */ = {isa = PBXFileReference; lastKnownFileType = sourcecode.swift; path = PerspectiveCorrector.swift; sourceTree = "<group>"; };
		0ACF4E2FD6077E4A6CBADAA0 /* AdjustmentPipeline.swift */ = {isa = PBXFileReference; lastKnownFileType = sourcecode.swift; path = AdjustmentPipeline.swift; sourceTree = "<group>"; };
		A0DB59B805C0C19BFFD51FC6 /* GalleryItem.swift */ = {isa = PBXFileReference; lastKnownFileType = sourcecode.swift; path = GalleryItem.swift; sourceTree = "<group>"; };
		CE027B574E113EFECCA34EC3 /* GalleryStore.swift */ = {isa = PBXFileReference; lastKnownFileType = sourcecode.swift; path = GalleryStore.swift; sourceTree = "<group>"; };
		507A18A1ADA406E759FBFE5E /* GalleryView.swift */ = {isa = PBXFileReference; lastKnownFileType = sourcecode.swift; path = GalleryView.swift; sourceTree = "<group>"; };
		092572023BFECAC7DDB23872 /* ExportController.swift */ = {isa = PBXFileReference; lastKnownFileType = sourcecode.swift; path = ExportController.swift; sourceTree = "<group>"; };
		0D20664CB86488ACE96564AB /* DesignSystem.swift */ = {isa = PBXFileReference; lastKnownFileType = sourcecode.swift; path = DesignSystem.swift; sourceTree = "<group>"; };
		FEA45896EFCCB58F83CE2086 /* EditView.swift */ = {isa = PBXFileReference; lastKnownFileType = sourcecode.swift; path = EditView.swift; sourceTree = "<group>"; };
		43F1223CC166B7AB5908E003 /* ScanView.swift */ = {isa = PBXFileReference; lastKnownFileType = sourcecode.swift; path = ScanView.swift; sourceTree = "<group>"; };
		6052563280B6756C2664326F /* CropAdjustView.swift */ = {isa = PBXFileReference; lastKnownFileType = sourcecode.swift; path = CropAdjustView.swift; sourceTree = "<group>"; };
		74F9311C7DDD51B10D2B0664 /* ContentView.swift */ = {isa = PBXFileReference; lastKnownFileType = sourcecode.swift; path = ContentView.swift; sourceTree = "<group>"; };
		EAE74442F9F8B452209E25C2 /* Info.plist */ = {isa = PBXFileReference; lastKnownFileType = text.plist.xml; path = Info.plist; sourceTree = "<group>"; };
		EA91C95D800F1BD325F8E6EB /* PhotoTake.app */ = {isa = PBXFileReference; explicitFileType = wrapper.application; includeInIndex = 0; path = PhotoTake.app; sourceTree = BUILT_PRODUCTS_DIR; };
		F1E2D3C4B5A6F7E8D9C0B1A2 /* ProStore.swift */ = {isa = PBXFileReference; lastKnownFileType = sourcecode.swift; path = ProStore.swift; sourceTree = "<group>"; };
		2B3C4D5E6F7A2B3C4D5E6F7A /* PaywallView.swift */ = {isa = PBXFileReference; lastKnownFileType = sourcecode.swift; path = PaywallView.swift; sourceTree = "<group>"; };
		4D5E6F7A8B9C4D5E6F7A8B9C /* FreeConstraints.swift */ = {isa = PBXFileReference; lastKnownFileType = sourcecode.swift; path = FreeConstraints.swift; sourceTree = "<group>"; };
/* End PBXFileReference section */

/* Begin PBXFrameworksBuildPhase section */
		0F2654A733AEEBB8AB1224CE /* Frameworks */ = {
			isa = PBXFrameworksBuildPhase;
			buildActionMask = 2147483647;
			files = (
			);
			runOnlyForDeploymentPostprocessing = 0;
		};
/* End PBXFrameworksBuildPhase section */

/* Begin PBXGroup section */
		14819C48BC66D545F5AA3A32 /* CameraModule */ = {
			isa = PBXGroup;
			children = (
				A2699F3FB8F95BA3CC8373D4 /* CameraSession.swift */,
				A7E6E6FE49DA462D82E78B55 /* CameraPreviewView.swift */,
			);
			path = CameraModule;
			sourceTree = "<group>";
		};
		31F450F15DD9C5E779B3E9F4 /* DetectionModule */ = {
			isa = PBXGroup;
			children = (
				A5A620F8D87D1DD182F6BA4A /* RectangleDetector.swift */,
				D0D7D7B79B645B4D57BE2B3B /* QuadOverlayView.swift */,
			);
			path = DetectionModule;
			sourceTree = "<group>";
		};
		227036B9886C9A633586522E /* ProcessingModule */ = {
			isa = PBXGroup;
			children = (
				0B7EB25B4405235FA9487669 /* PerspectiveCorrector.swift */,
				0ACF4E2FD6077E4A6CBADAA0 /* AdjustmentPipeline.swift */,
			);
			path = ProcessingModule;
			sourceTree = "<group>";
		};
		437A52BC864289321029970E /* GalleryModule */ = {
			isa = PBXGroup;
			children = (
				A0DB59B805C0C19BFFD51FC6 /* GalleryItem.swift */,
				CE027B574E113EFECCA34EC3 /* GalleryStore.swift */,
				507A18A1ADA406E759FBFE5E /* GalleryView.swift */,
			);
			path = GalleryModule;
			sourceTree = "<group>";
		};
		474C4749D48ED579B2D68CBB /* ExportModule */ = {
			isa = PBXGroup;
			children = (
				092572023BFECAC7DDB23872 /* ExportController.swift */,
			);
			path = ExportModule;
			sourceTree = "<group>";
		};
		5E6F7A8B9C0D5E6F7A8B9C0D /* ProModule */ = {
			isa = PBXGroup;
			children = (
				F1E2D3C4B5A6F7E8D9C0B1A2 /* ProStore.swift */,
				2B3C4D5E6F7A2B3C4D5E6F7A /* PaywallView.swift */,
				4D5E6F7A8B9C4D5E6F7A8B9C /* FreeConstraints.swift */,
			);
			path = ProModule;
			sourceTree = "<group>";
		};
		0E0FD26A23B32074ACF85910 /* UI */ = {
			isa = PBXGroup;
			children = (
				0D20664CB86488ACE96564AB /* DesignSystem.swift */,
				FEA45896EFCCB58F83CE2086 /* EditView.swift */,
				43F1223CC166B7AB5908E003 /* ScanView.swift */,
				6052563280B6756C2664326F /* CropAdjustView.swift */,
				74F9311C7DDD51B10D2B0664 /* ContentView.swift */,
			);
			path = UI;
			sourceTree = "<group>";
		};
		55B12F663F2BA1D286DB6338 /* PhotoTake */ = {
			isa = PBXGroup;
			children = (
				602CA7991450BF6511E69E27 /* PhotoTakeApp.swift */,
				14819C48BC66D545F5AA3A32 /* CameraModule */,
				31F450F15DD9C5E779B3E9F4 /* DetectionModule */,
				227036B9886C9A633586522E /* ProcessingModule */,
				437A52BC864289321029970E /* GalleryModule */,
				474C4749D48ED579B2D68CBB /* ExportModule */,
				5E6F7A8B9C0D5E6F7A8B9C0D /* ProModule */,
				0E0FD26A23B32074ACF85910 /* UI */,
				EAE74442F9F8B452209E25C2 /* Info.plist */,
			);
			path = PhotoTake;
			sourceTree = "<group>";
		};
		8E7E9AAD072C3272450630A1 /* Products */ = {
			isa = PBXGroup;
			children = (
				EA91C95D800F1BD325F8E6EB /* PhotoTake.app */,
			);
			name = Products;
			sourceTree = "<group>";
		};
		6CA2B1CD19435C14A5D30C8C = {
			isa = PBXGroup;
			children = (
				55B12F663F2BA1D286DB6338 /* PhotoTake */,
				8E7E9AAD072C3272450630A1 /* Products */,
			);
			sourceTree = "<group>";
		};
/* End PBXGroup section */

/* Begin PBXNativeTarget section */
		2D885BAE96A2F0420B599945 /* PhotoTake */ = {
			isa = PBXNativeTarget;
			buildConfigurationList = 5D910699D13BEA4B381671B6;
			buildPhases = (
				E9D0AA4F9CACD1FFF8139CDD /* Sources */,
				0F2654A733AEEBB8AB1224CE /* Frameworks */,
				220912749511101398BAD01B /* Resources */,
			);
			buildRules = (
			);
			dependencies = (
			);
			name = PhotoTake;
			productName = PhotoTake;
			productReference = EA91C95D800F1BD325F8E6EB;
			productType = "com.apple.product-type.application";
		};
/* End PBXNativeTarget section */

/* Begin PBXProject section */
		70515EDCFFD81F4AB46291DB /* Project object */ = {
			isa = PBXProject;
			attributes = {
				BuildIndependentTargetsInParallel = 1;
				LastSwiftUpdateCheck = 1540;
				LastUpgradeCheck = 1540;
				TargetAttributes = {
					2D885BAE96A2F0420B599945 = {
						CreatedOnToolsVersion = 15.4;
					};
				};
			};
			buildConfigurationList = 815575347884CA978F961ED9;
			compatibilityVersion = "Xcode 14.0";
			developmentRegion = en;
			hasScannedForEncodings = 0;
			knownRegions = (
				en,
				Base,
			);
			mainGroup = 6CA2B1CD19435C14A5D30C8C;
			productRefGroup = 8E7E9AAD072C3272450630A1;
			projectDirPath = "";
			projectRoot = "";
			targets = (
				2D885BAE96A2F0420B599945 /* PhotoTake */,
			);
		};
/* End PBXProject section */

/* Begin PBXResourcesBuildPhase section */
		220912749511101398BAD01B /* Resources */ = {
			isa = PBXResourcesBuildPhase;
			buildActionMask = 2147483647;
			files = (
			);
			runOnlyForDeploymentPostprocessing = 0;
		};
/* End PBXResourcesBuildPhase section */

/* Begin PBXSourcesBuildPhase section */
		E9D0AA4F9CACD1FFF8139CDD /* Sources */ = {
			isa = PBXSourcesBuildPhase;
			buildActionMask = 2147483647;
			files = (
				BCA9834D592DB4B65E2D5E02 /* PhotoTakeApp.swift in Sources */,
				B68D1B495B2586079642B65E /* CameraSession.swift in Sources */,
				6979CDA6C375BE262B9370A5 /* CameraPreviewView.swift in Sources */,
				A2A857493A1D9C71E08672F0 /* RectangleDetector.swift in Sources */,
				8EE975550E93CD723F5AFF22 /* QuadOverlayView.swift in Sources */,
				736009D82A2456BBFCA9D276 /* PerspectiveCorrector.swift in Sources */,
				0FD920261CF2708928E9C42D /* AdjustmentPipeline.swift in Sources */,
				AB6DE370FA645F57E99B994A /* GalleryItem.swift in Sources */,
				3C8018ADC63DF0C0E52679C8 /* GalleryStore.swift in Sources */,
				6FA46F2C9A25889CEE7DBB56 /* GalleryView.swift in Sources */,
				B72FBD4A44DD8435173E93B0 /* ExportController.swift in Sources */,
				7BBF4C4002251B7D38CB7624 /* DesignSystem.swift in Sources */,
				BCCC3596A5F4D2FB7285E241 /* EditView.swift in Sources */,
				3EA947AFA9A19D57058DB640 /* ScanView.swift in Sources */,
				C43A1B2B18D950E2398C167E /* CropAdjustView.swift in Sources */,
				291A0CD6E5855F19A85B78AA /* ContentView.swift in Sources */,
				A1B2C3D4E5F6A7B8C9D0E1F2 /* ProStore.swift in Sources */,
				1A2B3C4D5E6F1A2B3C4D5E6F /* PaywallView.swift in Sources */,
				3C4D5E6F7A8B3C4D5E6F7A8B /* FreeConstraints.swift in Sources */,
			);
			runOnlyForDeploymentPostprocessing = 0;
		};
/* End PBXSourcesBuildPhase section */

/* Begin XCBuildConfiguration section */
		21FBA7CB73BCCDBA3959933C /* Debug */ = {
			isa = XCBuildConfiguration;
			buildSettings = {
				ALWAYS_SEARCH_USER_PATHS = NO;
				CLANG_ENABLE_MODULES = YES;
				CLANG_ENABLE_OBJC_ARC = YES;
				COPY_PHASE_STRIP = NO;
				DEBUG_INFORMATION_FORMAT = dwarf;
				ENABLE_STRICT_OBJC_MSGSEND = YES;
				ENABLE_TESTABILITY = YES;
				GCC_DYNAMIC_NO_PIC = NO;
				GCC_OPTIMIZATION_LEVEL = 0;
				GCC_PREPROCESSOR_DEFINITIONS = (
					"DEBUG=1",
					"$(inherited)",
				);
				IPHONEOS_DEPLOYMENT_TARGET = 17.0;
				MTL_ENABLE_DEBUG_INFO = INCLUDE_SOURCE;
				MTL_FAST_MATH = YES;
				ONLY_ACTIVE_ARCH = YES;
				SDKROOT = iphoneos;
				SWIFT_ACTIVE_COMPILATION_CONDITIONS = DEBUG;
				SWIFT_OPTIMIZATION_LEVEL = "-Onone";
			};
			name = Debug;
		};
		47E769A80F53BA985B696FD5 /* Release */ = {
			isa = XCBuildConfiguration;
			buildSettings = {
				ALWAYS_SEARCH_USER_PATHS = NO;
				CLANG_ENABLE_MODULES = YES;
				CLANG_ENABLE_OBJC_ARC = YES;
				COPY_PHASE_STRIP = NO;
				DEBUG_INFORMATION_FORMAT = "dwarf-with-dsym";
				ENABLE_NS_ASSERTIONS = NO;
				ENABLE_STRICT_OBJC_MSGSEND = YES;
				IPHONEOS_DEPLOYMENT_TARGET = 17.0;
				MTL_ENABLE_DEBUG_INFO = NO;
				MTL_FAST_MATH = YES;
				SDKROOT = iphoneos;
				SWIFT_COMPILATION_MODE = wholemodule;
				SWIFT_OPTIMIZATION_LEVEL = "-O";
				VALIDATE_PRODUCT = YES;
			};
			name = Release;
		};
		25ABD2192E988DEBB20FA676 /* Debug */ = {
			isa = XCBuildConfiguration;
			buildSettings = {
ASSETCATALOG_COMPILER_APPICON_NAME = AppIcon;
CODE_SIGN_STYLE = Automatic;
CURRENT_PROJECT_VERSION = 1;
DEVELOPMENT_TEAM = "";
GENERATE_INFOPLIST_FILE = NO;
INFOPLIST_FILE = PhotoTake/Info.plist;
IPHONEOS_DEPLOYMENT_TARGET = 17.0;
MARKETING_VERSION = 1.0;
PRODUCT_BUNDLE_IDENTIFIER = com.soymachine.PhotoTake;
PRODUCT_NAME = PhotoTake;
SWIFT_EMIT_LOC_STRINGS = YES;
SWIFT_VERSION = 5.0;
TARGETED_DEVICE_FAMILY = 1;
			};
			name = Debug;
		};
		ADFA90296D487186A2519A48 /* Release */ = {
			isa = XCBuildConfiguration;
			buildSettings = {
ASSETCATALOG_COMPILER_APPICON_NAME = AppIcon;
CODE_SIGN_STYLE = Automatic;
CURRENT_PROJECT_VERSION = 1;
DEVELOPMENT_TEAM = "";
GENERATE_INFOPLIST_FILE = NO;
INFOPLIST_FILE = PhotoTake/Info.plist;
IPHONEOS_DEPLOYMENT_TARGET = 17.0;
MARKETING_VERSION = 1.0;
PRODUCT_BUNDLE_IDENTIFIER = com.soymachine.PhotoTake;
PRODUCT_NAME = PhotoTake;
SWIFT_EMIT_LOC_STRINGS = YES;
SWIFT_VERSION = 5.0;
TARGETED_DEVICE_FAMILY = 1;
			};
			name = Release;
		};
/* End XCBuildConfiguration section */

/* Begin XCConfigurationList section */
		815575347884CA978F961ED9 /* Build configuration list for PBXProject "PhotoTake" */ = {
			isa = XCConfigurationList;
			buildConfigurations = (
				21FBA7CB73BCCDBA3959933C /* Debug */,
				47E769A80F53BA985B696FD5 /* Release */,
			);
			defaultConfigurationIsVisible = 0;
			defaultConfigurationName = Release;
		};
		5D910699D13BEA4B381671B6 /* Build configuration list for PBXNativeTarget "PhotoTake" */ = {
			isa = XCConfigurationList;
			buildConfigurations = (
				25ABD2192E988DEBB20FA676 /* Debug */,
				ADFA90296D487186A2519A48 /* Release */,
			);
			defaultConfigurationIsVisible = 0;
			defaultConfigurationName = Release;
		};
/* End XCConfigurationList section */
	};
	rootObject = 70515EDCFFD81F4AB46291DB /* Project object */;
}
