// !$*UTF8*$!
{
	archiveVersion = 1;
	classes = {
	};
	objectVersion = 56;
	objects = {

/* Begin PBXBuildFile section */
		97908EE93FAF20ABA2312D29 /* PhotoTakeApp.swift in Sources */ = {isa = PBXBuildFile; fileRef = 4ED66BE21F9B0A4F89FD68FF /* PhotoTakeApp.swift */; };
		8CDBCAB2B69F755D862B67E5 /* CameraSession.swift in Sources */ = {isa = PBXBuildFile; fileRef = E6A60D0DAFFBF39ABB3CCBA6 /* CameraSession.swift */; };
		11CA3F4B6C56196EB087E609 /* CameraPreviewView.swift in Sources */ = {isa = PBXBuildFile; fileRef = 96862EF85CD6F002D83A6AB0 /* CameraPreviewView.swift */; };
		AD102E2ADF5A110469E44D66 /* RectangleDetector.swift in Sources */ = {isa = PBXBuildFile; fileRef = 7F74D98324481513900A9BAA /* RectangleDetector.swift */; };
		F8EAC5AABC2C171379E1F9E2 /* QuadOverlayView.swift in Sources */ = {isa = PBXBuildFile; fileRef = DA478DB52E9CE891FB4FC144 /* QuadOverlayView.swift */; };
		7CD87553FFCC9AF0ADF7A2B2 /* PerspectiveCorrector.swift in Sources */ = {isa = PBXBuildFile; fileRef = E3719BD2BCF7F596A7F977D9 /* PerspectiveCorrector.swift */; };
		2C812EED26E0D413B2F9D5C0 /* AdjustmentPipeline.swift in Sources */ = {isa = PBXBuildFile; fileRef = 126A9D31FDDF3027D4B2922B /* AdjustmentPipeline.swift */; };
		B97B3E12090EBCEDCC186BDA /* GalleryItem.swift in Sources */ = {isa = PBXBuildFile; fileRef = EE59ADD9DEC58EC009D447F5 /* GalleryItem.swift */; };
		61A8A5C8A9119D812C68DA26 /* GalleryStore.swift in Sources */ = {isa = PBXBuildFile; fileRef = 2AFB46E50823081CFC0E754F /* GalleryStore.swift */; };
		5F178BBA79E7AEABFDD3744C /* GalleryView.swift in Sources */ = {isa = PBXBuildFile; fileRef = 62F8025590CB32A6AD93E503 /* GalleryView.swift */; };
		FAA4F784786B277C9CB65246 /* ExportController.swift in Sources */ = {isa = PBXBuildFile; fileRef = 1FF81B90487E1BBC739E2CA3 /* ExportController.swift */; };
		FE40A69AECF194F1FE877B2B /* DesignSystem.swift in Sources */ = {isa = PBXBuildFile; fileRef = EDB4ED7BDE22FCAC5FFEB9C3 /* DesignSystem.swift */; };
		257AC0E65023EEFFA04C2865 /* EditView.swift in Sources */ = {isa = PBXBuildFile; fileRef = E21320F62445F50DF2589E87 /* EditView.swift */; };
		4770FB0FA138844F723AC80F /* ScanView.swift in Sources */ = {isa = PBXBuildFile; fileRef = 4D7B2B10B6217FB08AC2BB13 /* ScanView.swift */; };
		CD8475A6CCBECD9CAF112C9D /* ContentView.swift in Sources */ = {isa = PBXBuildFile; fileRef = 943EC5CEBDB7D4364507083E /* ContentView.swift */; };
		E7BE0A0E83FE3ED85140414C /* Info.plist in Resources */ = {isa = PBXBuildFile; fileRef = 44D5D9E25FBF698340079CC3 /* Info.plist */; };
/* End PBXBuildFile section */

/* Begin PBXFileReference section */
		4ED66BE21F9B0A4F89FD68FF /* PhotoTakeApp.swift */ = {isa = PBXFileReference; lastKnownFileType = sourcecode.swift; path = PhotoTakeApp.swift; sourceTree = "<group>"; };
		E6A60D0DAFFBF39ABB3CCBA6 /* CameraSession.swift */ = {isa = PBXFileReference; lastKnownFileType = sourcecode.swift; path = CameraSession.swift; sourceTree = "<group>"; };
		96862EF85CD6F002D83A6AB0 /* CameraPreviewView.swift */ = {isa = PBXFileReference; lastKnownFileType = sourcecode.swift; path = CameraPreviewView.swift; sourceTree = "<group>"; };
		7F74D98324481513900A9BAA /* RectangleDetector.swift */ = {isa = PBXFileReference; lastKnownFileType = sourcecode.swift; path = RectangleDetector.swift; sourceTree = "<group>"; };
		DA478DB52E9CE891FB4FC144 /* QuadOverlayView.swift */ = {isa = PBXFileReference; lastKnownFileType = sourcecode.swift; path = QuadOverlayView.swift; sourceTree = "<group>"; };
		E3719BD2BCF7F596A7F977D9 /* PerspectiveCorrector.swift */ = {isa = PBXFileReference; lastKnownFileType = sourcecode.swift; path = PerspectiveCorrector.swift; sourceTree = "<group>"; };
		126A9D31FDDF3027D4B2922B /* AdjustmentPipeline.swift */ = {isa = PBXFileReference; lastKnownFileType = sourcecode.swift; path = AdjustmentPipeline.swift; sourceTree = "<group>"; };
		EE59ADD9DEC58EC009D447F5 /* GalleryItem.swift */ = {isa = PBXFileReference; lastKnownFileType = sourcecode.swift; path = GalleryItem.swift; sourceTree = "<group>"; };
		2AFB46E50823081CFC0E754F /* GalleryStore.swift */ = {isa = PBXFileReference; lastKnownFileType = sourcecode.swift; path = GalleryStore.swift; sourceTree = "<group>"; };
		62F8025590CB32A6AD93E503 /* GalleryView.swift */ = {isa = PBXFileReference; lastKnownFileType = sourcecode.swift; path = GalleryView.swift; sourceTree = "<group>"; };
		1FF81B90487E1BBC739E2CA3 /* ExportController.swift */ = {isa = PBXFileReference; lastKnownFileType = sourcecode.swift; path = ExportController.swift; sourceTree = "<group>"; };
		EDB4ED7BDE22FCAC5FFEB9C3 /* DesignSystem.swift */ = {isa = PBXFileReference; lastKnownFileType = sourcecode.swift; path = DesignSystem.swift; sourceTree = "<group>"; };
		E21320F62445F50DF2589E87 /* EditView.swift */ = {isa = PBXFileReference; lastKnownFileType = sourcecode.swift; path = EditView.swift; sourceTree = "<group>"; };
		4D7B2B10B6217FB08AC2BB13 /* ScanView.swift */ = {isa = PBXFileReference; lastKnownFileType = sourcecode.swift; path = ScanView.swift; sourceTree = "<group>"; };
		943EC5CEBDB7D4364507083E /* ContentView.swift */ = {isa = PBXFileReference; lastKnownFileType = sourcecode.swift; path = ContentView.swift; sourceTree = "<group>"; };
		44D5D9E25FBF698340079CC3 /* Info.plist */ = {isa = PBXFileReference; lastKnownFileType = text.plist.xml; path = Info.plist; sourceTree = "<group>"; };
		36C0AE0FF8B4B4A605195F58 /* PhotoTake.app */ = {isa = PBXFileReference; explicitFileType = wrapper.application; includeInIndex = 0; path = PhotoTake.app; sourceTree = BUILT_PRODUCTS_DIR; };
/* End PBXFileReference section */

/* Begin PBXFrameworksBuildPhase section */
		386839CE8C81567C3920BEE2 /* Frameworks */ = {
			isa = PBXFrameworksBuildPhase;
			buildActionMask = 2147483647;
			files = (
			);
			runOnlyForDeploymentPostprocessing = 0;
		};
/* End PBXFrameworksBuildPhase section */

/* Begin PBXGroup section */
		D61DA60327C4F9D295A2F697 /* CameraModule */ = {
			isa = PBXGroup;
			children = (
				E6A60D0DAFFBF39ABB3CCBA6 /* CameraSession.swift */,
				96862EF85CD6F002D83A6AB0 /* CameraPreviewView.swift */,
			);
			path = CameraModule;
			sourceTree = "<group>";
		};
		6E239892BD1E9ADD03145E94 /* DetectionModule */ = {
			isa = PBXGroup;
			children = (
				7F74D98324481513900A9BAA /* RectangleDetector.swift */,
				DA478DB52E9CE891FB4FC144 /* QuadOverlayView.swift */,
			);
			path = DetectionModule;
			sourceTree = "<group>";
		};
		73F1E4840317B2C0AA7BF54E /* ProcessingModule */ = {
			isa = PBXGroup;
			children = (
				E3719BD2BCF7F596A7F977D9 /* PerspectiveCorrector.swift */,
				126A9D31FDDF3027D4B2922B /* AdjustmentPipeline.swift */,
			);
			path = ProcessingModule;
			sourceTree = "<group>";
		};
		1ACCA32561688F4774B8D5D2 /* GalleryModule */ = {
			isa = PBXGroup;
			children = (
				EE59ADD9DEC58EC009D447F5 /* GalleryItem.swift */,
				2AFB46E50823081CFC0E754F /* GalleryStore.swift */,
				62F8025590CB32A6AD93E503 /* GalleryView.swift */,
			);
			path = GalleryModule;
			sourceTree = "<group>";
		};
		0260BB83C3E93A4966835935 /* ExportModule */ = {
			isa = PBXGroup;
			children = (
				1FF81B90487E1BBC739E2CA3 /* ExportController.swift */,
			);
			path = ExportModule;
			sourceTree = "<group>";
		};
		F2633EC0554C00AB8E8F4D08 /* UI */ = {
			isa = PBXGroup;
			children = (
				EDB4ED7BDE22FCAC5FFEB9C3 /* DesignSystem.swift */,
				E21320F62445F50DF2589E87 /* EditView.swift */,
				4D7B2B10B6217FB08AC2BB13 /* ScanView.swift */,
				943EC5CEBDB7D4364507083E /* ContentView.swift */,
			);
			path = UI;
			sourceTree = "<group>";
		};
		A47A0E9B3DBCF9280AE79EA8 /* PhotoTake */ = {
			isa = PBXGroup;
			children = (
				4ED66BE21F9B0A4F89FD68FF /* PhotoTakeApp.swift */,
				D61DA60327C4F9D295A2F697 /* CameraModule */,
				6E239892BD1E9ADD03145E94 /* DetectionModule */,
				73F1E4840317B2C0AA7BF54E /* ProcessingModule */,
				1ACCA32561688F4774B8D5D2 /* GalleryModule */,
				0260BB83C3E93A4966835935 /* ExportModule */,
				F2633EC0554C00AB8E8F4D08 /* UI */,
				44D5D9E25FBF698340079CC3 /* Info.plist */,
			);
			path = PhotoTake;
			sourceTree = "<group>";
		};
		4F08DFBB5094144D49FAD9BA /* Products */ = {
			isa = PBXGroup;
			children = (
				36C0AE0FF8B4B4A605195F58 /* PhotoTake.app */,
			);
			name = Products;
			sourceTree = "<group>";
		};
		CDAFBB41AE503DAA48A102B8 = {
			isa = PBXGroup;
			children = (
				A47A0E9B3DBCF9280AE79EA8 /* PhotoTake */,
				4F08DFBB5094144D49FAD9BA /* Products */,
			);
			sourceTree = "<group>";
		};
/* End PBXGroup section */

/* Begin PBXNativeTarget section */
		8705431FB64D5738CBA8DDD5 /* PhotoTake */ = {
			isa = PBXNativeTarget;
			buildConfigurationList = 0D1C618C3FAE1FEBFBC8D649;
			buildPhases = (
				099869A074868480CE1F9406 /* Sources */,
				386839CE8C81567C3920BEE2 /* Frameworks */,
				78FDAD609E2849E7DC0269E9 /* Resources */,
			);
			buildRules = (
			);
			dependencies = (
			);
			name = PhotoTake;
			productName = PhotoTake;
			productReference = 36C0AE0FF8B4B4A605195F58;
			productType = "com.apple.product-type.application";
		};
/* End PBXNativeTarget section */

/* Begin PBXProject section */
		A4F70765CC57753D869D071F /* Project object */ = {
			isa = PBXProject;
			attributes = {
				BuildIndependentTargetsInParallel = 1;
				LastSwiftUpdateCheck = 1540;
				LastUpgradeCheck = 1540;
				TargetAttributes = {
					8705431FB64D5738CBA8DDD5 = {
						CreatedOnToolsVersion = 15.4;
					};
				};
			};
			buildConfigurationList = 39AC9C38E89B216A835D100C;
			compatibilityVersion = "Xcode 14.0";
			developmentRegion = en;
			hasScannedForEncodings = 0;
			knownRegions = (
				en,
				Base,
			);
			mainGroup = CDAFBB41AE503DAA48A102B8;
			productRefGroup = 4F08DFBB5094144D49FAD9BA;
			projectDirPath = "";
			projectRoot = "";
			targets = (
				8705431FB64D5738CBA8DDD5 /* PhotoTake */,
			);
		};
/* End PBXProject section */

/* Begin PBXResourcesBuildPhase section */
		78FDAD609E2849E7DC0269E9 /* Resources */ = {
			isa = PBXResourcesBuildPhase;
			buildActionMask = 2147483647;
			files = (
			);
			runOnlyForDeploymentPostprocessing = 0;
		};
/* End PBXResourcesBuildPhase section */

/* Begin PBXSourcesBuildPhase section */
		099869A074868480CE1F9406 /* Sources */ = {
			isa = PBXSourcesBuildPhase;
			buildActionMask = 2147483647;
			files = (
				97908EE93FAF20ABA2312D29 /* PhotoTakeApp.swift in Sources */,
				8CDBCAB2B69F755D862B67E5 /* CameraSession.swift in Sources */,
				11CA3F4B6C56196EB087E609 /* CameraPreviewView.swift in Sources */,
				AD102E2ADF5A110469E44D66 /* RectangleDetector.swift in Sources */,
				F8EAC5AABC2C171379E1F9E2 /* QuadOverlayView.swift in Sources */,
				7CD87553FFCC9AF0ADF7A2B2 /* PerspectiveCorrector.swift in Sources */,
				2C812EED26E0D413B2F9D5C0 /* AdjustmentPipeline.swift in Sources */,
				B97B3E12090EBCEDCC186BDA /* GalleryItem.swift in Sources */,
				61A8A5C8A9119D812C68DA26 /* GalleryStore.swift in Sources */,
				5F178BBA79E7AEABFDD3744C /* GalleryView.swift in Sources */,
				FAA4F784786B277C9CB65246 /* ExportController.swift in Sources */,
				FE40A69AECF194F1FE877B2B /* DesignSystem.swift in Sources */,
				257AC0E65023EEFFA04C2865 /* EditView.swift in Sources */,
				4770FB0FA138844F723AC80F /* ScanView.swift in Sources */,
				CD8475A6CCBECD9CAF112C9D /* ContentView.swift in Sources */,
			);
			runOnlyForDeploymentPostprocessing = 0;
		};
/* End PBXSourcesBuildPhase section */

/* Begin XCBuildConfiguration section */
		C5F9FE5F17C927A2E3318597 /* Debug */ = {
			isa = XCBuildConfiguration;
			buildSettings = {
				ALWAYS_SEARCH_USER_PATHS = NO;
				CLANG_ENABLE_MODULES = YES;
				CLANG_ENABLE_OBJC_ARC = YES;
				COPY_PHASE_STRIP = NO;
				DEBUG_INFORMATION_FORMAT = dwarf;
				ENABLE_STRICT_OBJC_MSGSEND = YES;
				ENABLE_TESTABILITY = YES;
				GCC_DYNAMIC_NO_PIC = NO;
				GCC_OPTIMIZATION_LEVEL = 0;
				GCC_PREPROCESSOR_DEFINITIONS = (
					"DEBUG=1",
					"$(inherited)",
				);
				IPHONEOS_DEPLOYMENT_TARGET = 17.0;
				MTL_ENABLE_DEBUG_INFO = INCLUDE_SOURCE;
				MTL_FAST_MATH = YES;
				ONLY_ACTIVE_ARCH = YES;
				SDKROOT = iphoneos;
				SWIFT_ACTIVE_COMPILATION_CONDITIONS = DEBUG;
				SWIFT_OPTIMIZATION_LEVEL = "-Onone";
			};
			name = Debug;
		};
		51AC4EB3A5789EC65668D675 /* Release */ = {
			isa = XCBuildConfiguration;
			buildSettings = {
				ALWAYS_SEARCH_USER_PATHS = NO;
				CLANG_ENABLE_MODULES = YES;
				CLANG_ENABLE_OBJC_ARC = YES;
				COPY_PHASE_STRIP = NO;
				DEBUG_INFORMATION_FORMAT = "dwarf-with-dsym";
				ENABLE_NS_ASSERTIONS = NO;
				ENABLE_STRICT_OBJC_MSGSEND = YES;
				IPHONEOS_DEPLOYMENT_TARGET = 17.0;
				MTL_ENABLE_DEBUG_INFO = NO;
				MTL_FAST_MATH = YES;
				SDKROOT = iphoneos;
				SWIFT_COMPILATION_MODE = wholemodule;
				SWIFT_OPTIMIZATION_LEVEL = "-O";
				VALIDATE_PRODUCT = YES;
			};
			name = Release;
		};
		03744F2B027BE763F5A28F5C /* Debug */ = {
			isa = XCBuildConfiguration;
			buildSettings = {
ASSETCATALOG_COMPILER_APPICON_NAME = AppIcon;
CODE_SIGN_STYLE = Automatic;
CURRENT_PROJECT_VERSION = 1;
DEVELOPMENT_TEAM = "";
GENERATE_INFOPLIST_FILE = NO;
INFOPLIST_FILE = PhotoTake/Info.plist;
IPHONEOS_DEPLOYMENT_TARGET = 17.0;
MARKETING_VERSION = 1.0;
PRODUCT_BUNDLE_IDENTIFIER = com.soymachine.PhotoTake;
PRODUCT_NAME = PhotoTake;
SWIFT_EMIT_LOC_STRINGS = YES;
SWIFT_VERSION = 5.0;
TARGETED_DEVICE_FAMILY = 1;
			};
			name = Debug;
		};
		A3F15A4615690F5F242DE88F /* Release */ = {
			isa = XCBuildConfiguration;
			buildSettings = {
ASSETCATALOG_COMPILER_APPICON_NAME = AppIcon;
CODE_SIGN_STYLE = Automatic;
CURRENT_PROJECT_VERSION = 1;
DEVELOPMENT_TEAM = "";
GENERATE_INFOPLIST_FILE = NO;
INFOPLIST_FILE = PhotoTake/Info.plist;
IPHONEOS_DEPLOYMENT_TARGET = 17.0;
MARKETING_VERSION = 1.0;
PRODUCT_BUNDLE_IDENTIFIER = com.soymachine.PhotoTake;
PRODUCT_NAME = PhotoTake;
SWIFT_EMIT_LOC_STRINGS = YES;
SWIFT_VERSION = 5.0;
TARGETED_DEVICE_FAMILY = 1;
			};
			name = Release;
		};
/* End XCBuildConfiguration section */

/* Begin XCConfigurationList section */
		39AC9C38E89B216A835D100C /* Build configuration list for PBXProject "PhotoTake" */ = {
			isa = XCConfigurationList;
			buildConfigurations = (
				C5F9FE5F17C927A2E3318597 /* Debug */,
				51AC4EB3A5789EC65668D675 /* Release */,
			);
			defaultConfigurationIsVisible = 0;
			defaultConfigurationName = Release;
		};
		0D1C618C3FAE1FEBFBC8D649 /* Build configuration list for PBXNativeTarget "PhotoTake" */ = {
			isa = XCConfigurationList;
			buildConfigurations = (
				03744F2B027BE763F5A28F5C /* Debug */,
				A3F15A4615690F5F242DE88F /* Release */,
			);
			defaultConfigurationIsVisible = 0;
			defaultConfigurationName = Release;
		};
/* End XCConfigurationList section */
	};
	rootObject = A4F70765CC57753D869D071F /* Project object */;
}
